{
  "version": 2,
  "dependencies": {
    "net11.0": {
      "CSharpier.MsBuild": {
        "type": "Direct",
        "requested": "[1.3.0, )",
        "resolved": "1.3.0",
        "contentHash": "jzzLpmz7F6LyBh5FTZy8/4dEYVcAG9VjBPKryZ82LIoUuupcBkCSXzaeS/4oYcp/rBC8yVLcDstJ8CIv9n2IFw=="
      },
      "Microsoft.AspNetCore.OpenApi": {
        "type": "Direct",
        "requested": "[11.0.0-preview.6.26359.118, )",
        "resolved": "11.0.0-preview.6.26359.118",
        "contentHash": "0Txd2Gp5AZn4UIa1lH5sHkfRAUKG9dLJdRILc0wngO6T/sK9Px69dtsaW0Rls7DJLMnLD2ixBE8GA2+TesIEmg==",
        "dependencies": {
          "Microsoft.OpenApi": "3.6.0"
        }
      },
      "Microsoft.OpenApi": {
        "type": "Transitive",
        "resolved": "3.6.0",
        "contentHash": "7iCo00kReXXXxESJMdFBV2LLUYiAa2n/3uIpgTWw1TxUfswUp/0O/QMn0Itp+58Be7H4cuPtPLAGvfwTYQ6BhA=="
      }
    }
  }
}